
Microsoft Visual Studio Solution File, Format Version 12.00
# Visual Studio Version 17
VisualStudioVersion = 17.6.33801.468
MinimumVisualStudioVersion = 10.0.40219.1
Project("{FAE04EC0-301F-11D3-BF4B-00C04F79EFBC}") = "MagicVilla_API", "MagicVilla_API\MagicVilla_API.csproj", "{C2CDE714-BD6F-4B0D-B13C-B7D826E68E63}"
EndProject
Global
	GlobalSection(SolutionConfigurationPlatforms) = preSolution
		Debug|Any CPU = Debug|Any CPU
		Release|Any CPU = Release|Any CPU
	EndGlobalSection
	GlobalSection(ProjectConfigurationPlatforms) = postSolution
		{C2CDE714-BD6F-4B0D-B13C-B7D826E68E63}.Debug|Any CPU.ActiveCfg = Debug|Any CPU
		{C2CDE714-BD6F-4B0D-B13C-B7D826E68E63}.Debug|Any CPU.Build.0 = Debug|Any CPU
		{C2CDE714-BD6F-4B0D-B13C-B7D826E68E63}.Release|Any CPU.ActiveCfg = Release|Any CPU
		{C2CDE714-BD6F-4B0D-B13C-B7D826E68E63}.Release|Any CPU.Build.0 = Release|Any CPU
	EndGlobalSection
	GlobalSection(SolutionProperties) = preSolution
		HideSolutionNode = FALSE
	EndGlobalSection
	GlobalSection(ExtensibilityGlobals) = postSolution
		SolutionGuid = {3515D719-FA9F-4A01-8F0A-5A7CFF218600}
	EndGlobalSection
EndGlobal
